
Microsoft Visual Studio Solution File, Format Version 12.00
# Visual Studio Version 17
VisualStudioVersion = 17.6.33829.357
MinimumVisualStudioVersion = 10.0.40219.1
Project("{FAE04EC0-301F-11D3-BF4B-00C04F79EFBC}") = "C#_A_Project", "C#_A_Project.csproj", "{9BB11BEC-DABE-48BB-B964-B23289877AB4}"
EndProject
Global
	GlobalSection(SolutionConfigurationPlatforms) = preSolution
		Debug|Any CPU = Debug|Any CPU
		Release|Any CPU = Release|Any CPU
	EndGlobalSection
	GlobalSection(ProjectConfigurationPlatforms) = postSolution
		{9BB11BEC-DABE-48BB-B964-B23289877AB4}.Debug|Any CPU.ActiveCfg = Debug|Any CPU
		{9BB11BEC-DABE-48BB-B964-B23289877AB4}.Debug|Any CPU.Build.0 = Debug|Any CPU
		{9BB11BEC-DABE-48BB-B964-B23289877AB4}.Release|Any CPU.ActiveCfg = Release|Any CPU
		{9BB11BEC-DABE-48BB-B964-B23289877AB4}.Release|Any CPU.Build.0 = Release|Any CPU
	EndGlobalSection
	GlobalSection(SolutionProperties) = preSolution
		HideSolutionNode = FALSE
	EndGlobalSection
	GlobalSection(ExtensibilityGlobals) = postSolution
		SolutionGuid = {2FA8E586-BBA6-427F-A24A-42C87438BC03}
	EndGlobalSection
EndGlobal
